// !$*UTF8*$!
{
	archiveVersion = 1;
	classes = {
	};
	objectVersion = 50;
	objects = {

/* Begin PBXBuildFile section */
		F17692C624B983A2008D1C83 /* GameData.swift in Sources */ = {isa = PBXBuildFile; fileRef = F17692C524B983A2008D1C83 /* GameData.swift */; };
		F17692C824B983A9008D1C83 /* GameModel.swift in Sources */ = {isa = PBXBuildFile; fileRef = F17692C724B983A9008D1C83 /* GameModel.swift */; };
		F1789ECA24B88A9B00002149 /* AppDelegate.swift in Sources */ = {isa = PBXBuildFile; fileRef = F1789EC924B88A9B00002149 /* AppDelegate.swift */; };
		F1789ECC24B88A9B00002149 /* SceneDelegate.swift in Sources */ = {isa = PBXBuildFile; fileRef = F1789ECB24B88A9B00002149 /* SceneDelegate.swift */; };
		F1789ECE24B88A9B00002149 /* ViewController.swift in Sources */ = {isa = PBXBuildFile; fileRef = F1789ECD24B88A9B00002149 /* ViewController.swift */; };
		F1789ED124B88A9B00002149 /* Main.storyboard in Resources */ = {isa = PBXBuildFile; fileRef = F1789ECF24B88A9B00002149 /* Main.storyboard */; };
		F1789ED324B88A9E00002149 /* Assets.xcassets in Resources */ = {isa = PBXBuildFile; fileRef = F1789ED224B88A9E00002149 /* Assets.xcassets */; };
		F1789ED624B88A9E00002149 /* LaunchScreen.storyboard in Resources */ = {isa = PBXBuildFile; fileRef = F1789ED424B88A9E00002149 /* LaunchScreen.storyboard */; };
		F1789EE624B88B2500002149 /* Poppins-Regular.ttf in Resources */ = {isa = PBXBuildFile; fileRef = F1789EDE24B88B2500002149 /* Poppins-Regular.ttf */; };
		F1789EE724B88B2500002149 /* Poppins-Thin.ttf in Resources */ = {isa = PBXBuildFile; fileRef = F1789EDF24B88B2500002149 /* Poppins-Thin.ttf */; };
		F1789EE824B88B2500002149 /* Poppins-Bold.ttf in Resources */ = {isa = PBXBuildFile; fileRef = F1789EE024B88B2500002149 /* Poppins-Bold.ttf */; };
		F1789EE924B88B2500002149 /* Poppins-Light.ttf in Resources */ = {isa = PBXBuildFile; fileRef = F1789EE124B88B2500002149 /* Poppins-Light.ttf */; };
		F1789EEA24B88B2500002149 /* Poppins-ExtraLight.ttf in Resources */ = {isa = PBXBuildFile; fileRef = F1789EE224B88B2500002149 /* Poppins-ExtraLight.ttf */; };
		F1789EEB24B88B2500002149 /* Poppins-Black.ttf in Resources */ = {isa = PBXBuildFile; fileRef = F1789EE324B88B2500002149 /* Poppins-Black.ttf */; };
		F1789EEC24B88B2500002149 /* Poppins-Medium.ttf in Resources */ = {isa = PBXBuildFile; fileRef = F1789EE424B88B2500002149 /* Poppins-Medium.ttf */; };
		F1789EED24B88B2500002149 /* Poppins-ExtraBold.ttf in Resources */ = {isa = PBXBuildFile; fileRef = F1789EE524B88B2500002149 /* Poppins-ExtraBold.ttf */; };
		F1789EF024B8B24000002149 /* GameCollectionViewCell.swift in Sources */ = {isa = PBXBuildFile; fileRef = F1789EEE24B8B24000002149 /* GameCollectionViewCell.swift */; };
		F1789EF124B8B24000002149 /* GameCollectionViewCell.xib in Resources */ = {isa = PBXBuildFile; fileRef = F1789EEF24B8B24000002149 /* GameCollectionViewCell.xib */; };
		F1FE810B24B8C2C600F9DA52 /* PopularCollectionViewCell.swift in Sources */ = {isa = PBXBuildFile; fileRef = F1FE810924B8C2C600F9DA52 /* PopularCollectionViewCell.swift */; };
		F1FE810C24B8C2C600F9DA52 /* PopularCollectionViewCell.xib in Resources */ = {isa = PBXBuildFile; fileRef = F1FE810A24B8C2C600F9DA52 /* PopularCollectionViewCell.xib */; };
/* End PBXBuildFile section */

/* Begin PBXFileReference section */
		F17692C524B983A2008D1C83 /* GameData.swift */ = {isa = PBXFileReference; lastKnownFileType = sourcecode.swift; path = GameData.swift; sourceTree = "<group>"; };
		F17692C724B983A9008D1C83 /* GameModel.swift */ = {isa = PBXFileReference; lastKnownFileType = sourcecode.swift; path = GameModel.swift; sourceTree = "<group>"; };
		F1789EC624B88A9B00002149 /* Game Stack.app */ = {isa = PBXFileReference; explicitFileType = wrapper.application; includeInIndex = 0; path = "Game Stack.app"; sourceTree = BUILT_PRODUCTS_DIR; };
		F1789EC924B88A9B00002149 /* AppDelegate.swift */ = {isa = PBXFileReference; lastKnownFileType = sourcecode.swift; path = AppDelegate.swift; sourceTree = "<group>"; };
		F1789ECB24B88A9B00002149 /* SceneDelegate.swift */ = {isa = PBXFileReference; lastKnownFileType = sourcecode.swift; path = SceneDelegate.swift; sourceTree = "<group>"; };
		F1789ECD24B88A9B00002149 /* ViewController.swift */ = {isa = PBXFileReference; lastKnownFileType = sourcecode.swift; path = ViewController.swift; sourceTree = "<group>"; };
		F1789ED024B88A9B00002149 /* Base */ = {isa = PBXFileReference; lastKnownFileType = file.storyboard; name = Base; path = Base.lproj/Main.storyboard; sourceTree = "<group>"; };
		F1789ED224B88A9E00002149 /* Assets.xcassets */ = {isa = PBXFileReference; lastKnownFileType = folder.assetcatalog; path = Assets.xcassets; sourceTree = "<group>"; };
		F1789ED524B88A9E00002149 /* Base */ = {isa = PBXFileReference; lastKnownFileType = file.storyboard; name = Base; path = Base.lproj/LaunchScreen.storyboard; sourceTree = "<group>"; };
		F1789ED724B88A9E00002149 /* Info.plist */ = {isa = PBXFileReference; lastKnownFileType = text.plist.xml; path = Info.plist; sourceTree = "<group>"; };
		F1789EDE24B88B2500002149 /* Poppins-Regular.ttf */ = {isa = PBXFileReference; lastKnownFileType = file; path = "Poppins-Regular.ttf"; sourceTree = "<group>"; };
		F1789EDF24B88B2500002149 /* Poppins-Thin.ttf */ = {isa = PBXFileReference; lastKnownFileType = file; path = "Poppins-Thin.ttf"; sourceTree = "<group>"; };
		F1789EE024B88B2500002149 /* Poppins-Bold.ttf */ = {isa = PBXFileReference; lastKnownFileType = file; path = "Poppins-Bold.ttf"; sourceTree = "<group>"; };
		F1789EE124B88B2500002149 /* Poppins-Light.ttf */ = {isa = PBXFileReference; lastKnownFileType = file; path = "Poppins-Light.ttf"; sourceTree = "<group>"; };
		F1789EE224B88B2500002149 /* Poppins-ExtraLight.ttf */ = {isa = PBXFileReference; lastKnownFileType = file; path = "Poppins-ExtraLight.ttf"; sourceTree = "<group>"; };
		F1789EE324B88B2500002149 /* Poppins-Black.ttf */ = {isa = PBXFileReference; lastKnownFileType = file; path = "Poppins-Black.ttf"; sourceTree = "<group>"; };
		F1789EE424B88B2500002149 /* Poppins-Medium.ttf */ = {isa = PBXFileReference; lastKnownFileType = file; path = "Poppins-Medium.ttf"; sourceTree = "<group>"; };
		F1789EE524B88B2500002149 /* Poppins-ExtraBold.ttf */ = {isa = PBXFileReference; lastKnownFileType = file; path = "Poppins-ExtraBold.ttf"; sourceTree = "<group>"; };
		F1789EEE24B8B24000002149 /* GameCollectionViewCell.swift */ = {isa = PBXFileReference; lastKnownFileType = sourcecode.swift; path = GameCollectionViewCell.swift; sourceTree = "<group>"; };
		F1789EEF24B8B24000002149 /* GameCollectionViewCell.xib */ = {isa = PBXFileReference; lastKnownFileType = file.xib; path = GameCollectionViewCell.xib; sourceTree = "<group>"; };
		F1FE810924B8C2C600F9DA52 /* PopularCollectionViewCell.swift */ = {isa = PBXFileReference; lastKnownFileType = sourcecode.swift; path = PopularCollectionViewCell.swift; sourceTree = "<group>"; };
		F1FE810A24B8C2C600F9DA52 /* PopularCollectionViewCell.xib */ = {isa = PBXFileReference; lastKnownFileType = file.xib; path = PopularCollectionViewCell.xib; sourceTree = "<group>"; };
/* End PBXFileReference section */

/* Begin PBXFrameworksBuildPhase section */
		F1789EC324B88A9B00002149 /* Frameworks */ = {
			isa = PBXFrameworksBuildPhase;
			buildActionMask = 2147483647;
			files = (
			);
			runOnlyForDeploymentPostprocessing = 0;
		};
/* End PBXFrameworksBuildPhase section */

/* Begin PBXGroup section */
		F17692C224B8CEA6008D1C83 /* Model */ = {
			isa = PBXGroup;
			children = (
				F17692C524B983A2008D1C83 /* GameData.swift */,
				F17692C724B983A9008D1C83 /* GameModel.swift */,
			);
			path = Model;
			sourceTree = "<group>";
		};
		F1789EBD24B88A9B00002149 = {
			isa = PBXGroup;
			children = (
				F1789EC824B88A9B00002149 /* Game Stack */,
				F1789EC724B88A9B00002149 /* Products */,
			);
			sourceTree = "<group>";
		};
		F1789EC724B88A9B00002149 /* Products */ = {
			isa = PBXGroup;
			children = (
				F1789EC624B88A9B00002149 /* Game Stack.app */,
			);
			name = Products;
			sourceTree = "<group>";
		};
		F1789EC824B88A9B00002149 /* Game Stack */ = {
			isa = PBXGroup;
			children = (
				F17692C224B8CEA6008D1C83 /* Model */,
				F1789EDD24B88AF800002149 /* Font */,
				F1FE810824B8BC2600F9DA52 /* Base */,
				F1FE810724B8BC1500F9DA52 /* Controller */,
				F1FE810624B8BBF600F9DA52 /* View */,
				F1789ED224B88A9E00002149 /* Assets.xcassets */,
				F1789ED424B88A9E00002149 /* LaunchScreen.storyboard */,
				F1789ED724B88A9E00002149 /* Info.plist */,
			);
			path = "Game Stack";
			sourceTree = "<group>";
		};
		F1789EDD24B88AF800002149 /* Font */ = {
			isa = PBXGroup;
			children = (
				F1789EE324B88B2500002149 /* Poppins-Black.ttf */,
				F1789EE024B88B2500002149 /* Poppins-Bold.ttf */,
				F1789EE524B88B2500002149 /* Poppins-ExtraBold.ttf */,
				F1789EE224B88B2500002149 /* Poppins-ExtraLight.ttf */,
				F1789EE124B88B2500002149 /* Poppins-Light.ttf */,
				F1789EE424B88B2500002149 /* Poppins-Medium.ttf */,
				F1789EDE24B88B2500002149 /* Poppins-Regular.ttf */,
				F1789EDF24B88B2500002149 /* Poppins-Thin.ttf */,
			);
			path = Font;
			sourceTree = "<group>";
		};
		F1FE810624B8BBF600F9DA52 /* View */ = {
			isa = PBXGroup;
			children = (
				F1789ECF24B88A9B00002149 /* Main.storyboard */,
				F1789EEF24B8B24000002149 /* GameCollectionViewCell.xib */,
				F1FE810A24B8C2C600F9DA52 /* PopularCollectionViewCell.xib */,
			);
			path = View;
			sourceTree = "<group>";
		};
		F1FE810724B8BC1500F9DA52 /* Controller */ = {
			isa = PBXGroup;
			children = (
				F1789ECD24B88A9B00002149 /* ViewController.swift */,
				F1789EEE24B8B24000002149 /* GameCollectionViewCell.swift */,
				F1FE810924B8C2C600F9DA52 /* PopularCollectionViewCell.swift */,
			);
			path = Controller;
			sourceTree = "<group>";
		};
		F1FE810824B8BC2600F9DA52 /* Base */ = {
			isa = PBXGroup;
			children = (
				F1789EC924B88A9B00002149 /* AppDelegate.swift */,
				F1789ECB24B88A9B00002149 /* SceneDelegate.swift */,
			);
			path = Base;
			sourceTree = "<group>";
		};
/* End PBXGroup section */

/* Begin PBXNativeTarget section */
		F1789EC524B88A9B00002149 /* Game Stack */ = {
			isa = PBXNativeTarget;
			buildConfigurationList = F1789EDA24B88A9E00002149 /* Build configuration list for PBXNativeTarget "Game Stack" */;
			buildPhases = (
				F1789EC224B88A9B00002149 /* Sources */,
				F1789EC324B88A9B00002149 /* Frameworks */,
				F1789EC424B88A9B00002149 /* Resources */,
			);
			buildRules = (
			);
			dependencies = (
			);
			name = "Game Stack";
			productName = "Game Stack";
			productReference = F1789EC624B88A9B00002149 /* Game Stack.app */;
			productType = "com.apple.product-type.application";
		};
/* End PBXNativeTarget section */

/* Begin PBXProject section */
		F1789EBE24B88A9B00002149 /* Project object */ = {
			isa = PBXProject;
			attributes = {
				LastSwiftUpdateCheck = 1150;
				LastUpgradeCheck = 1150;
				ORGANIZATIONNAME = gusadi;
				TargetAttributes = {
					F1789EC524B88A9B00002149 = {
						CreatedOnToolsVersion = 11.5;
					};
				};
			};
			buildConfigurationList = F1789EC124B88A9B00002149 /* Build configuration list for PBXProject "Game Stack" */;
			compatibilityVersion = "Xcode 9.3";
			developmentRegion = en;
			hasScannedForEncodings = 0;
			knownRegions = (
				en,
				Base,
			);
			mainGroup = F1789EBD24B88A9B00002149;
			productRefGroup = F1789EC724B88A9B00002149 /* Products */;
			projectDirPath = "";
			projectRoot = "";
			targets = (
				F1789EC524B88A9B00002149 /* Game Stack */,
			);
		};
/* End PBXProject section */

/* Begin PBXResourcesBuildPhase section */
		F1789EC424B88A9B00002149 /* Resources */ = {
			isa = PBXResourcesBuildPhase;
			buildActionMask = 2147483647;
			files = (
				F1789EE924B88B2500002149 /* Poppins-Light.ttf in Resources */,
				F1789ED624B88A9E00002149 /* LaunchScreen.storyboard in Resources */,
				F1789EE824B88B2500002149 /* Poppins-Bold.ttf in Resources */,
				F1789ED324B88A9E00002149 /* Assets.xcassets in Resources */,
				F1789EEA24B88B2500002149 /* Poppins-ExtraLight.ttf in Resources */,
				F1789ED124B88A9B00002149 /* Main.storyboard in Resources */,
				F1789EEB24B88B2500002149 /* Poppins-Black.ttf in Resources */,
				F1789EED24B88B2500002149 /* Poppins-ExtraBold.ttf in Resources */,
				F1789EF124B8B24000002149 /* GameCollectionViewCell.xib in Resources */,
				F1789EE624B88B2500002149 /* Poppins-Regular.ttf in Resources */,
				F1789EE724B88B2500002149 /* Poppins-Thin.ttf in Resources */,
				F1FE810C24B8C2C600F9DA52 /* PopularCollectionViewCell.xib in Resources */,
				F1789EEC24B88B2500002149 /* Poppins-Medium.ttf in Resources */,
			);
			runOnlyForDeploymentPostprocessing = 0;
		};
/* End PBXResourcesBuildPhase section */

/* Begin PBXSourcesBuildPhase section */
		F1789EC224B88A9B00002149 /* Sources */ = {
			isa = PBXSourcesBuildPhase;
			buildActionMask = 2147483647;
			files = (
				F1789EF024B8B24000002149 /* GameCollectionViewCell.swift in Sources */,
				F1789ECE24B88A9B00002149 /* ViewController.swift in Sources */,
				F1FE810B24B8C2C600F9DA52 /* PopularCollectionViewCell.swift in Sources */,
				F17692C624B983A2008D1C83 /* GameData.swift in Sources */,
				F17692C824B983A9008D1C83 /* GameModel.swift in Sources */,
				F1789ECA24B88A9B00002149 /* AppDelegate.swift in Sources */,
				F1789ECC24B88A9B00002149 /* SceneDelegate.swift in Sources */,
			);
			runOnlyForDeploymentPostprocessing = 0;
		};
/* End PBXSourcesBuildPhase section */

/* Begin PBXVariantGroup section */
		F1789ECF24B88A9B00002149 /* Main.storyboard */ = {
			isa = PBXVariantGroup;
			children = (
				F1789ED024B88A9B00002149 /* Base */,
			);
			name = Main.storyboard;
			sourceTree = "<group>";
		};
		F1789ED424B88A9E00002149 /* LaunchScreen.storyboard */ = {
			isa = PBXVariantGroup;
			children = (
				F1789ED524B88A9E00002149 /* Base */,
			);
			name = LaunchScreen.storyboard;
			sourceTree = "<group>";
		};
/* End PBXVariantGroup section */

/* Begin XCBuildConfiguration section */
		F1789ED824B88A9E00002149 /* Debug */ = {
			isa = XCBuildConfiguration;
			buildSettings = {
				ALWAYS_SEARCH_USER_PATHS = NO;
				CLANG_ANALYZER_NONNULL = YES;
				CLANG_ANALYZER_NUMBER_OBJECT_CONVERSION = YES_AGGRESSIVE;
				CLANG_CXX_LANGUAGE_STANDARD = "gnu++14";
				CLANG_CXX_LIBRARY = "libc++";
				CLANG_ENABLE_MODULES = YES;
				CLANG_ENABLE_OBJC_ARC = YES;
				CLANG_ENABLE_OBJC_WEAK = YES;
				CLANG_WARN_BLOCK_CAPTURE_AUTORELEASING = YES;
				CLANG_WARN_BOOL_CONVERSION = YES;
				CLANG_WARN_COMMA = YES;
				CLANG_WARN_CONSTANT_CONVERSION = YES;
				CLANG_WARN_DEPRECATED_OBJC_IMPLEMENTATIONS = YES;
				CLANG_WARN_DIRECT_OBJC_ISA_USAGE = YES_ERROR;
				CLANG_WARN_DOCUMENTATION_COMMENTS = YES;
				CLANG_WARN_EMPTY_BODY = YES;
				CLANG_WARN_ENUM_CONVERSION = YES;
				CLANG_WARN_INFINITE_RECURSION = YES;
				CLANG_WARN_INT_CONVERSION = YES;
				CLANG_WARN_NON_LITERAL_NULL_CONVERSION = YES;
				CLANG_WARN_OBJC_IMPLICIT_RETAIN_SELF = YES;
				CLANG_WARN_OBJC_LITERAL_CONVERSION = YES;
				CLANG_WARN_OBJC_ROOT_CLASS = YES_ERROR;
				CLANG_WARN_RANGE_LOOP_ANALYSIS = YES;
				CLANG_WARN_STRICT_PROTOTYPES = YES;
				CLANG_WARN_SUSPICIOUS_MOVE = YES;
				CLANG_WARN_UNGUARDED_AVAILABILITY = YES_AGGRESSIVE;
				CLANG_WARN_UNREACHABLE_CODE = YES;
				CLANG_WARN__DUPLICATE_METHOD_MATCH = YES;
				COPY_PHASE_STRIP = NO;
				DEBUG_INFORMATION_FORMAT = dwarf;
				ENABLE_STRICT_OBJC_MSGSEND = YES;
				ENABLE_TESTABILITY = YES;
				GCC_C_LANGUAGE_STANDARD = gnu11;
				GCC_DYNAMIC_NO_PIC = NO;
				GCC_NO_COMMON_BLOCKS = YES;
				GCC_OPTIMIZATION_LEVEL = 0;
				GCC_PREPROCESSOR_DEFINITIONS = (
					"DEBUG=1",
					"$(inherited)",
				);
				GCC_WARN_64_TO_32_BIT_CONVERSION = YES;
				GCC_WARN_ABOUT_RETURN_TYPE = YES_ERROR;
				GCC_WARN_UNDECLARED_SELECTOR = YES;
				GCC_WARN_UNINITIALIZED_AUTOS = YES_AGGRESSIVE;
				GCC_WARN_UNUSED_FUNCTION = YES;
				GCC_WARN_UNUSED_VARIABLE = YES;
				IPHONEOS_DEPLOYMENT_TARGET = 13.5;
				MTL_ENABLE_DEBUG_INFO = INCLUDE_SOURCE;
				MTL_FAST_MATH = YES;
				ONLY_ACTIVE_ARCH = YES;
				SDKROOT = iphoneos;
				SWIFT_ACTIVE_COMPILATION_CONDITIONS = DEBUG;
				SWIFT_OPTIMIZATION_LEVEL = "-Onone";
			};
			name = Debug;
		};
		F1789ED924B88A9E00002149 /* Release */ = {
			isa = XCBuildConfiguration;
			buildSettings = {
				ALWAYS_SEARCH_USER_PATHS = NO;
				CLANG_ANALYZER_NONNULL = YES;
				CLANG_ANALYZER_NUMBER_OBJECT_CONVERSION = YES_AGGRESSIVE;
				CLANG_CXX_LANGUAGE_STANDARD = "gnu++14";
				CLANG_CXX_LIBRARY = "libc++";
				CLANG_ENABLE_MODULES = YES;
				CLANG_ENABLE_OBJC_ARC = YES;
				CLANG_ENABLE_OBJC_WEAK = YES;
				CLANG_WARN_BLOCK_CAPTURE_AUTORELEASING = YES;
				CLANG_WARN_BOOL_CONVERSION = YES;
				CLANG_WARN_COMMA = YES;
				CLANG_WARN_CONSTANT_CONVERSION = YES;
				CLANG_WARN_DEPRECATED_OBJC_IMPLEMENTATIONS = YES;
				CLANG_WARN_DIRECT_OBJC_ISA_USAGE = YES_ERROR;
				CLANG_WARN_DOCUMENTATION_COMMENTS = YES;
				CLANG_WARN_EMPTY_BODY = YES;
				CLANG_WARN_ENUM_CONVERSION = YES;
				CLANG_WARN_INFINITE_RECURSION = YES;
				CLANG_WARN_INT_CONVERSION = YES;
				CLANG_WARN_NON_LITERAL_NULL_CONVERSION = YES;
				CLANG_WARN_OBJC_IMPLICIT_RETAIN_SELF = YES;
				CLANG_WARN_OBJC_LITERAL_CONVERSION = YES;
				CLANG_WARN_OBJC_ROOT_CLASS = YES_ERROR;
				CLANG_WARN_RANGE_LOOP_ANALYSIS = YES;
				CLANG_WARN_STRICT_PROTOTYPES = YES;
				CLANG_WARN_SUSPICIOUS_MOVE = YES;
				CLANG_WARN_UNGUARDED_AVAILABILITY = YES_AGGRESSIVE;
				CLANG_WARN_UNREACHABLE_CODE = YES;
				CLANG_WARN__DUPLICATE_METHOD_MATCH = YES;
				COPY_PHASE_STRIP = NO;
				DEBUG_INFORMATION_FORMAT = "dwarf-with-dsym";
				ENABLE_NS_ASSERTIONS = NO;
				ENABLE_STRICT_OBJC_MSGSEND = YES;
				GCC_C_LANGUAGE_STANDARD = gnu11;
				GCC_NO_COMMON_BLOCKS = YES;
				GCC_WARN_64_TO_32_BIT_CONVERSION = YES;
				GCC_WARN_ABOUT_RETURN_TYPE = YES_ERROR;
				GCC_WARN_UNDECLARED_SELECTOR = YES;
				GCC_WARN_UNINITIALIZED_AUTOS = YES_AGGRESSIVE;
				GCC_WARN_UNUSED_FUNCTION = YES;
				GCC_WARN_UNUSED_VARIABLE = YES;
				IPHONEOS_DEPLOYMENT_TARGET = 13.5;
				MTL_ENABLE_DEBUG_INFO = NO;
				MTL_FAST_MATH = YES;
				SDKROOT = iphoneos;
				SWIFT_COMPILATION_MODE = wholemodule;
				SWIFT_OPTIMIZATION_LEVEL = "-O";
				VALIDATE_PRODUCT = YES;
			};
			name = Release;
		};
		F1789EDB24B88A9E00002149 /* Debug */ = {
			isa = XCBuildConfiguration;
			buildSettings = {
				ASSETCATALOG_COMPILER_APPICON_NAME = AppIcon;
				CODE_SIGN_STYLE = Automatic;
				DEVELOPMENT_TEAM = 6M5M727687;
				INFOPLIST_FILE = "Game Stack/Info.plist";
				LD_RUNPATH_SEARCH_PATHS = (
					"$(inherited)",
					"@executable_path/Frameworks",
				);
				PRODUCT_BUNDLE_IDENTIFIER = "com.gusadi.Game-Stack";
				PRODUCT_NAME = "$(TARGET_NAME)";
				SWIFT_VERSION = 5.0;
				TARGETED_DEVICE_FAMILY = "1,2";
			};
			name = Debug;
		};
		F1789EDC24B88A9E00002149 /* Release */ = {
			isa = XCBuildConfiguration;
			buildSettings = {
				ASSETCATALOG_COMPILER_APPICON_NAME = AppIcon;
				CODE_SIGN_STYLE = Automatic;
				DEVELOPMENT_TEAM = 6M5M727687;
				INFOPLIST_FILE = "Game Stack/Info.plist";
				LD_RUNPATH_SEARCH_PATHS = (
					"$(inherited)",
					"@executable_path/Frameworks",
				);
				PRODUCT_BUNDLE_IDENTIFIER = "com.gusadi.Game-Stack";
				PRODUCT_NAME = "$(TARGET_NAME)";
				SWIFT_VERSION = 5.0;
				TARGETED_DEVICE_FAMILY = "1,2";
			};
			name = Release;
		};
/* End XCBuildConfiguration section */

/* Begin XCConfigurationList section */
		F1789EC124B88A9B00002149 /* Build configuration list for PBXProject "Game Stack" */ = {
			isa = XCConfigurationList;
			buildConfigurations = (
				F1789ED824B88A9E00002149 /* Debug */,
				F1789ED924B88A9E00002149 /* Release */,
			);
			defaultConfigurationIsVisible = 0;
			defaultConfigurationName = Release;
		};
		F1789EDA24B88A9E00002149 /* Build configuration list for PBXNativeTarget "Game Stack" */ = {
			isa = XCConfigurationList;
			buildConfigurations = (
				F1789EDB24B88A9E00002149 /* Debug */,
				F1789EDC24B88A9E00002149 /* Release */,
			);
			defaultConfigurationIsVisible = 0;
			defaultConfigurationName = Release;
		};
/* End XCConfigurationList section */
	};
	rootObject = F1789EBE24B88A9B00002149 /* Project object */;
}
